
Microsoft Visual Studio Solution File, Format Version 12.00
# Visual Studio Version 17
VisualStudioVersion = 17.11.35219.272
MinimumVisualStudioVersion = 10.0.40219.1
Project("{FAE04EC0-301F-11D3-BF4B-00C04F79EFBC}") = "QLNuocNgot", "QLNuocNgot\QLNuocNgot.csproj", "{00EF6E51-AFC8-4385-A267-90890C7B39AF}"
EndProject
Global
	GlobalSection(SolutionConfigurationPlatforms) = preSolution
		Debug|Any CPU = Debug|Any CPU
		Release|Any CPU = Release|Any CPU
	EndGlobalSection
	GlobalSection(ProjectConfigurationPlatforms) = postSolution
		{00EF6E51-AFC8-4385-A267-90890C7B39AF}.Debug|Any CPU.ActiveCfg = Debug|Any CPU
		{00EF6E51-AFC8-4385-A267-90890C7B39AF}.Debug|Any CPU.Build.0 = Debug|Any CPU
		{00EF6E51-AFC8-4385-A267-90890C7B39AF}.Release|Any CPU.ActiveCfg = Release|Any CPU
		{00EF6E51-AFC8-4385-A267-90890C7B39AF}.Release|Any CPU.Build.0 = Release|Any CPU
	EndGlobalSection
	GlobalSection(SolutionProperties) = preSolution
		HideSolutionNode = FALSE
	EndGlobalSection
	GlobalSection(ExtensibilityGlobals) = postSolution
		SolutionGuid = {BABEAC15-3F96-4AD6-BA9A-A053B5DBBDBB}
	EndGlobalSection
EndGlobal
